// !$*UTF8*$!
{
	archiveVersion = 1;
	classes = {
	};
	objectVersion = 46;
	objects = {

/* Begin PBXBuildFile section */
		DED6246B1BE4AE9100D0E69D /* cog-icon-2-48x48.png in Resources */ = {isa = PBXBuildFile; fileRef = DED6246A1BE4AE9100D0E69D /* cog-icon-2-48x48.png */; };
		DED6246F1BE4B98000D0E69D /* SettingsViewController.swift in Sources */ = {isa = PBXBuildFile; fileRef = DED6246E1BE4B98000D0E69D /* SettingsViewController.swift */; };
		DED624711BE4BA9D00D0E69D /* UserData.swift in Sources */ = {isa = PBXBuildFile; fileRef = DED624701BE4BA9D00D0E69D /* UserData.swift */; };
		DEE08A151BE3CE6C00B2C8F3 /* AppDelegate.swift in Sources */ = {isa = PBXBuildFile; fileRef = DEE08A141BE3CE6C00B2C8F3 /* AppDelegate.swift */; };
		DEE08A171BE3CE6C00B2C8F3 /* ViewController.swift in Sources */ = {isa = PBXBuildFile; fileRef = DEE08A161BE3CE6C00B2C8F3 /* ViewController.swift */; };
		DEE08A1A1BE3CE6C00B2C8F3 /* Main.storyboard in Resources */ = {isa = PBXBuildFile; fileRef = DEE08A181BE3CE6C00B2C8F3 /* Main.storyboard */; };
		DEE08A1C1BE3CE6C00B2C8F3 /* Assets.xcassets in Resources */ = {isa = PBXBuildFile; fileRef = DEE08A1B1BE3CE6C00B2C8F3 /* Assets.xcassets */; };
		DEE08A1F1BE3CE6C00B2C8F3 /* LaunchScreen.storyboard in Resources */ = {isa = PBXBuildFile; fileRef = DEE08A1D1BE3CE6C00B2C8F3 /* LaunchScreen.storyboard */; };
/* End PBXBuildFile section */

/* Begin PBXFileReference section */
		DED6246A1BE4AE9100D0E69D /* cog-icon-2-48x48.png */ = {isa = PBXFileReference; lastKnownFileType = image.png; path = "cog-icon-2-48x48.png"; sourceTree = "<group>"; };
		DED6246E1BE4B98000D0E69D /* SettingsViewController.swift */ = {isa = PBXFileReference; fileEncoding = 4; lastKnownFileType = sourcecode.swift; path = SettingsViewController.swift; sourceTree = "<group>"; };
		DED624701BE4BA9D00D0E69D /* UserData.swift */ = {isa = PBXFileReference; fileEncoding = 4; lastKnownFileType = sourcecode.swift; path = UserData.swift; sourceTree = "<group>"; };
		DEE08A111BE3CE6C00B2C8F3 /* Tipper.app */ = {isa = PBXFileReference; explicitFileType = wrapper.application; includeInIndex = 0; path = Tipper.app; sourceTree = BUILT_PRODUCTS_DIR; };
		DEE08A141BE3CE6C00B2C8F3 /* AppDelegate.swift */ = {isa = PBXFileReference; lastKnownFileType = sourcecode.swift; path = AppDelegate.swift; sourceTree = "<group>"; };
		DEE08A161BE3CE6C00B2C8F3 /* ViewController.swift */ = {isa = PBXFileReference; lastKnownFileType = sourcecode.swift; path = ViewController.swift; sourceTree = "<group>"; };
		DEE08A191BE3CE6C00B2C8F3 /* Base */ = {isa = PBXFileReference; lastKnownFileType = file.storyboard; name = Base; path = Base.lproj/Main.storyboard; sourceTree = "<group>"; };
		DEE08A1B1BE3CE6C00B2C8F3 /* Assets.xcassets */ = {isa = PBXFileReference; lastKnownFileType = folder.assetcatalog; path = Assets.xcassets; sourceTree = "<group>"; };
		DEE08A1E1BE3CE6C00B2C8F3 /* Base */ = {isa = PBXFileReference; lastKnownFileType = file.storyboard; name = Base; path = Base.lproj/LaunchScreen.storyboard; sourceTree = "<group>"; };
		DEE08A201BE3CE6C00B2C8F3 /* Info.plist */ = {isa = PBXFileReference; lastKnownFileType = text.plist.xml; path = Info.plist; sourceTree = "<group>"; };
/* End PBXFileReference section */

/* Begin PBXFrameworksBuildPhase section */
		DEE08A0E1BE3CE6C00B2C8F3 /* Frameworks */ = {
			isa = PBXFrameworksBuildPhase;
			buildActionMask = 2147483647;
			files = (
			);
			runOnlyForDeploymentPostprocessing = 0;
		};
/* End PBXFrameworksBuildPhase section */

/* Begin PBXGroup section */
		DEE08A081BE3CE6C00B2C8F3 = {
			isa = PBXGroup;
			children = (
				DEE08A131BE3CE6C00B2C8F3 /* Tipper */,
				DEE08A121BE3CE6C00B2C8F3 /* Products */,
			);
			sourceTree = "<group>";
		};
		DEE08A121BE3CE6C00B2C8F3 /* Products */ = {
			isa = PBXGroup;
			children = (
				DEE08A111BE3CE6C00B2C8F3 /* Tipper.app */,
			);
			name = Products;
			sourceTree = "<group>";
		};
		DEE08A131BE3CE6C00B2C8F3 /* Tipper */ = {
			isa = PBXGroup;
			children = (
				DED6246A1BE4AE9100D0E69D /* cog-icon-2-48x48.png */,
				DEE08A141BE3CE6C00B2C8F3 /* AppDelegate.swift */,
				DEE08A161BE3CE6C00B2C8F3 /* ViewController.swift */,
				DEE08A181BE3CE6C00B2C8F3 /* Main.storyboard */,
				DEE08A1B1BE3CE6C00B2C8F3 /* Assets.xcassets */,
				DEE08A1D1BE3CE6C00B2C8F3 /* LaunchScreen.storyboard */,
				DEE08A201BE3CE6C00B2C8F3 /* Info.plist */,
				DED6246E1BE4B98000D0E69D /* SettingsViewController.swift */,
				DED624701BE4BA9D00D0E69D /* UserData.swift */,
			);
			path = Tipper;
			sourceTree = "<group>";
		};
/* End PBXGroup section */

/* Begin PBXNativeTarget section */
		DEE08A101BE3CE6C00B2C8F3 /* Tipper */ = {
			isa = PBXNativeTarget;
			buildConfigurationList = DEE08A231BE3CE6C00B2C8F3 /* Build configuration list for PBXNativeTarget "Tipper" */;
			buildPhases = (
				DEE08A0D1BE3CE6C00B2C8F3 /* Sources */,
				DEE08A0E1BE3CE6C00B2C8F3 /* Frameworks */,
				DEE08A0F1BE3CE6C00B2C8F3 /* Resources */,
			);
			buildRules = (
			);
			dependencies = (
			);
			name = Tipper;
			productName = Tipper;
			productReference = DEE08A111BE3CE6C00B2C8F3 /* Tipper.app */;
			productType = "com.apple.product-type.application";
		};
/* End PBXNativeTarget section */

/* Begin PBXProject section */
		DEE08A091BE3CE6C00B2C8F3 /* Project object */ = {
			isa = PBXProject;
			attributes = {
				LastSwiftUpdateCheck = 0710;
				LastUpgradeCheck = 0710;
				ORGANIZATIONNAME = Terry;
				TargetAttributes = {
					DEE08A101BE3CE6C00B2C8F3 = {
						CreatedOnToolsVersion = 7.1;
					};
				};
			};
			buildConfigurationList = DEE08A0C1BE3CE6C00B2C8F3 /* Build configuration list for PBXProject "Tipper" */;
			compatibilityVersion = "Xcode 3.2";
			developmentRegion = English;
			hasScannedForEncodings = 0;
			knownRegions = (
				en,
				Base,
			);
			mainGroup = DEE08A081BE3CE6C00B2C8F3;
			productRefGroup = DEE08A121BE3CE6C00B2C8F3 /* Products */;
			projectDirPath = "";
			projectRoot = "";
			targets = (
				DEE08A101BE3CE6C00B2C8F3 /* Tipper */,
			);
		};
/* End PBXProject section */

/* Begin PBXResourcesBuildPhase section */
		DEE08A0F1BE3CE6C00B2C8F3 /* Resources */ = {
			isa = PBXResourcesBuildPhase;
			buildActionMask = 2147483647;
			files = (
				DEE08A1F1BE3CE6C00B2C8F3 /* LaunchScreen.storyboard in Resources */,
				DEE08A1C1BE3CE6C00B2C8F3 /* Assets.xcassets in Resources */,
				DED6246B1BE4AE9100D0E69D /* cog-icon-2-48x48.png in Resources */,
				DEE08A1A1BE3CE6C00B2C8F3 /* Main.storyboard in Resources */,
			);
			runOnlyForDeploymentPostprocessing = 0;
		};
/* End PBXResourcesBuildPhase section */

/* Begin PBXSourcesBuildPhase section */
		DEE08A0D1BE3CE6C00B2C8F3 /* Sources */ = {
			isa = PBXSourcesBuildPhase;
			buildActionMask = 2147483647;
			files = (
				DEE08A171BE3CE6C00B2C8F3 /* ViewController.swift in Sources */,
				DEE08A151BE3CE6C00B2C8F3 /* AppDelegate.swift in Sources */,
				DED624711BE4BA9D00D0E69D /* UserData.swift in Sources */,
				DED6246F1BE4B98000D0E69D /* SettingsViewController.swift in Sources */,
			);
			runOnlyForDeploymentPostprocessing = 0;
		};
/* End PBXSourcesBuildPhase section */

/* Begin PBXVariantGroup section */
		DEE08A181BE3CE6C00B2C8F3 /* Main.storyboard */ = {
			isa = PBXVariantGroup;
			children = (
				DEE08A191BE3CE6C00B2C8F3 /* Base */,
			);
			name = Main.storyboard;
			sourceTree = "<group>";
		};
		DEE08A1D1BE3CE6C00B2C8F3 /* LaunchScreen.storyboard */ = {
			isa = PBXVariantGroup;
			children = (
				DEE08A1E1BE3CE6C00B2C8F3 /* Base */,
			);
			name = LaunchScreen.storyboard;
			sourceTree = "<group>";
		};
/* End PBXVariantGroup section */

/* Begin XCBuildConfiguration section */
		DEE08A211BE3CE6C00B2C8F3 /* Debug */ = {
			isa = XCBuildConfiguration;
			buildSettings = {
				ALWAYS_SEARCH_USER_PATHS = NO;
				CLANG_CXX_LANGUAGE_STANDARD = "gnu++0x";
				CLANG_CXX_LIBRARY = "libc++";
				CLANG_ENABLE_MODULES = YES;
				CLANG_ENABLE_OBJC_ARC = YES;
				CLANG_WARN_BOOL_CONVERSION = YES;
				CLANG_WARN_CONSTANT_CONVERSION = YES;
				CLANG_WARN_DIRECT_OBJC_ISA_USAGE = YES_ERROR;
				CLANG_WARN_EMPTY_BODY = YES;
				CLANG_WARN_ENUM_CONVERSION = YES;
				CLANG_WARN_INT_CONVERSION = YES;
				CLANG_WARN_OBJC_ROOT_CLASS = YES_ERROR;
				CLANG_WARN_UNREACHABLE_CODE = YES;
				CLANG_WARN__DUPLICATE_METHOD_MATCH = YES;
				"CODE_SIGN_IDENTITY[sdk=iphoneos*]" = "iPhone Developer";
				COPY_PHASE_STRIP = NO;
				DEBUG_INFORMATION_FORMAT = dwarf;
				ENABLE_STRICT_OBJC_MSGSEND = YES;
				ENABLE_TESTABILITY = YES;
				GCC_C_LANGUAGE_STANDARD = gnu99;
				GCC_DYNAMIC_NO_PIC = NO;
				GCC_NO_COMMON_BLOCKS = YES;
				GCC_OPTIMIZATION_LEVEL = 0;
				GCC_PREPROCESSOR_DEFINITIONS = (
					"DEBUG=1",
					"$(inherited)",
				);
				GCC_WARN_64_TO_32_BIT_CONVERSION = YES;
				GCC_WARN_ABOUT_RETURN_TYPE = YES_ERROR;
				GCC_WARN_UNDECLARED_SELECTOR = YES;
				GCC_WARN_UNINITIALIZED_AUTOS = YES_AGGRESSIVE;
				GCC_WARN_UNUSED_FUNCTION = YES;
				GCC_WARN_UNUSED_VARIABLE = YES;
				IPHONEOS_DEPLOYMENT_TARGET = 9.1;
				MTL_ENABLE_DEBUG_INFO = YES;
				ONLY_ACTIVE_ARCH = YES;
				SDKROOT = iphoneos;
				SWIFT_OPTIMIZATION_LEVEL = "-Onone";
			};
			name = Debug;
		};
		DEE08A221BE3CE6C00B2C8F3 /* Release */ = {
			isa = XCBuildConfiguration;
			buildSettings = {
				ALWAYS_SEARCH_USER_PATHS = NO;
				CLANG_CXX_LANGUAGE_STANDARD = "gnu++0x";
				CLANG_CXX_LIBRARY = "libc++";
				CLANG_ENABLE_MODULES = YES;
				CLANG_ENABLE_OBJC_ARC = YES;
				CLANG_WARN_BOOL_CONVERSION = YES;
				CLANG_WARN_CONSTANT_CONVERSION = YES;
				CLANG_WARN_DIRECT_OBJC_ISA_USAGE = YES_ERROR;
				CLANG_WARN_EMPTY_BODY = YES;
				CLANG_WARN_ENUM_CONVERSION = YES;
				CLANG_WARN_INT_CONVERSION = YES;
				CLANG_WARN_OBJC_ROOT_CLASS = YES_ERROR;
				CLANG_WARN_UNREACHABLE_CODE = YES;
				CLANG_WARN__DUPLICATE_METHOD_MATCH = YES;
				"CODE_SIGN_IDENTITY[sdk=iphoneos*]" = "iPhone Developer";
				COPY_PHASE_STRIP = NO;
				DEBUG_INFORMATION_FORMAT = "dwarf-with-dsym";
				ENABLE_NS_ASSERTIONS = NO;
				ENABLE_STRICT_OBJC_MSGSEND = YES;
				GCC_C_LANGUAGE_STANDARD = gnu99;
				GCC_NO_COMMON_BLOCKS = YES;
				GCC_WARN_64_TO_32_BIT_CONVERSION = YES;
				GCC_WARN_ABOUT_RETURN_TYPE = YES_ERROR;
				GCC_WARN_UNDECLARED_SELECTOR = YES;
				GCC_WARN_UNINITIALIZED_AUTOS = YES_AGGRESSIVE;
				GCC_WARN_UNUSED_FUNCTION = YES;
				GCC_WARN_UNUSED_VARIABLE = YES;
				IPHONEOS_DEPLOYMENT_TARGET = 9.1;
				MTL_ENABLE_DEBUG_INFO = NO;
				SDKROOT = iphoneos;
				VALIDATE_PRODUCT = YES;
			};
			name = Release;
		};
		DEE08A241BE3CE6C00B2C8F3 /* Debug */ = {
			isa = XCBuildConfiguration;
			buildSettings = {
				ASSETCATALOG_COMPILER_APPICON_NAME = AppIcon;
				INFOPLIST_FILE = Tipper/Info.plist;
				LD_RUNPATH_SEARCH_PATHS = "$(inherited) @executable_path/Frameworks";
				PRODUCT_BUNDLE_IDENTIFIER = terry.nguyen.Tipper;
				PRODUCT_NAME = "$(TARGET_NAME)";
			};
			name = Debug;
		};
		DEE08A251BE3CE6C00B2C8F3 /* Release */ = {
			isa = XCBuildConfiguration;
			buildSettings = {
				ASSETCATALOG_COMPILER_APPICON_NAME = AppIcon;
				INFOPLIST_FILE = Tipper/Info.plist;
				LD_RUNPATH_SEARCH_PATHS = "$(inherited) @executable_path/Frameworks";
				PRODUCT_BUNDLE_IDENTIFIER = terry.nguyen.Tipper;
				PRODUCT_NAME = "$(TARGET_NAME)";
			};
			name = Release;
		};
/* End XCBuildConfiguration section */

/* Begin XCConfigurationList section */
		DEE08A0C1BE3CE6C00B2C8F3 /* Build configuration list for PBXProject "Tipper" */ = {
			isa = XCConfigurationList;
			buildConfigurations = (
				DEE08A211BE3CE6C00B2C8F3 /* Debug */,
				DEE08A221BE3CE6C00B2C8F3 /* Release */,
			);
			defaultConfigurationIsVisible = 0;
			defaultConfigurationName = Release;
		};
		DEE08A231BE3CE6C00B2C8F3 /* Build configuration list for PBXNativeTarget "Tipper" */ = {
			isa = XCConfigurationList;
			buildConfigurations = (
				DEE08A241BE3CE6C00B2C8F3 /* Debug */,
				DEE08A251BE3CE6C00B2C8F3 /* Release */,
			);
			defaultConfigurationIsVisible = 0;
			defaultConfigurationName = Release;
		};
/* End XCConfigurationList section */
	};
	rootObject = DEE08A091BE3CE6C00B2C8F3 /* Project object */;
}
